// !$*UTF8*$!
{
	archiveVersion = 1;
	classes = {
	};
	objectVersion = 46;
	objects = {

/* Begin PBXBuildFile section */
		4ED1E5A11B43C54C0018542D /* jikken.h in Headers */ = {isa = PBXBuildFile; fileRef = 4ED1E5A01B43C54C0018542D /* jikken.h */; settings = {ATTRIBUTES = (Public, ); }; };
		4ED1E5A71B43C54C0018542D /* jikken.framework in Frameworks */ = {isa = PBXBuildFile; fileRef = 4ED1E59B1B43C54C0018542D /* jikken.framework */; };
		4ED1E5AE1B43C54C0018542D /* jikkenTests.m in Sources */ = {isa = PBXBuildFile; fileRef = 4ED1E5AD1B43C54C0018542D /* jikkenTests.m */; };
		4ED1E5B81B43C57D0018542D /* datamanip.c in Sources */ = {isa = PBXBuildFile; fileRef = 4ED1E5B71B43C57D0018542D /* datamanip.c */; };
		4ED1E5BA1B43C59D0018542D /* microdb.h in Headers */ = {isa = PBXBuildFile; fileRef = 4ED1E5B91B43C59D0018542D /* microdb.h */; };
		4ED1E5BC1B43C60B0018542D /* datadef.c in Sources */ = {isa = PBXBuildFile; fileRef = 4ED1E5BB1B43C60B0018542D /* datadef.c */; };
		4ED1E5BE1B43C6140018542D /* main.c in Sources */ = {isa = PBXBuildFile; fileRef = 4ED1E5BD1B43C6140018542D /* main.c */; };
		4ED1E5C01B43C61D0018542D /* test-datamanip.c in Sources */ = {isa = PBXBuildFile; fileRef = 4ED1E5BF1B43C61D0018542D /* test-datamanip.c */; };
		4ED1E5C21B43C6230018542D /* test-datadef.c in Sources */ = {isa = PBXBuildFile; fileRef = 4ED1E5C11B43C6230018542D /* test-datadef.c */; };
		4ED1E5C41B43C6290018542D /* file2.c in Sources */ = {isa = PBXBuildFile; fileRef = 4ED1E5C31B43C6290018542D /* file2.c */; };
		4ED1E5C61B43C6370018542D /* test-file.c in Sources */ = {isa = PBXBuildFile; fileRef = 4ED1E5C51B43C6370018542D /* test-file.c */; };
/* End PBXBuildFile section */

/* Begin PBXContainerItemProxy section */
		4ED1E5A81B43C54C0018542D /* PBXContainerItemProxy */ = {
			isa = PBXContainerItemProxy;
			containerPortal = 4ED1E5921B43C54C0018542D /* Project object */;
			proxyType = 1;
			remoteGlobalIDString = 4ED1E59A1B43C54C0018542D;
			remoteInfo = jikken;
		};
/* End PBXContainerItemProxy section */

/* Begin PBXFileReference section */
		4ED1E59B1B43C54C0018542D /* jikken.framework */ = {isa = PBXFileReference; explicitFileType = wrapper.framework; includeInIndex = 0; path = jikken.framework; sourceTree = BUILT_PRODUCTS_DIR; };
		4ED1E59F1B43C54C0018542D /* Info.plist */ = {isa = PBXFileReference; lastKnownFileType = text.plist.xml; path = Info.plist; sourceTree = "<group>"; };
		4ED1E5A01B43C54C0018542D /* jikken.h */ = {isa = PBXFileReference; lastKnownFileType = sourcecode.c.h; path = jikken.h; sourceTree = "<group>"; };
		4ED1E5A61B43C54C0018542D /* jikkenTests.xctest */ = {isa = PBXFileReference; explicitFileType = wrapper.cfbundle; includeInIndex = 0; path = jikkenTests.xctest; sourceTree = BUILT_PRODUCTS_DIR; };
		4ED1E5AC1B43C54C0018542D /* Info.plist */ = {isa = PBXFileReference; lastKnownFileType = text.plist.xml; path = Info.plist; sourceTree = "<group>"; };
		4ED1E5AD1B43C54C0018542D /* jikkenTests.m */ = {isa = PBXFileReference; lastKnownFileType = sourcecode.c.objc; path = jikkenTests.m; sourceTree = "<group>"; };
		4ED1E5B71B43C57D0018542D /* datamanip.c */ = {isa = PBXFileReference; fileEncoding = 4; lastKnownFileType = sourcecode.c.c; path = datamanip.c; sourceTree = "<group>"; };
		4ED1E5B91B43C59D0018542D /* microdb.h */ = {isa = PBXFileReference; fileEncoding = 4; lastKnownFileType = sourcecode.c.h; path = microdb.h; sourceTree = "<group>"; };
		4ED1E5BB1B43C60B0018542D /* datadef.c */ = {isa = PBXFileReference; fileEncoding = 4; lastKnownFileType = sourcecode.c.c; path = datadef.c; sourceTree = "<group>"; };
		4ED1E5BD1B43C6140018542D /* main.c */ = {isa = PBXFileReference; fileEncoding = 4; lastKnownFileType = sourcecode.c.c; path = main.c; sourceTree = "<group>"; };
		4ED1E5BF1B43C61D0018542D /* test-datamanip.c */ = {isa = PBXFileReference; fileEncoding = 4; lastKnownFileType = sourcecode.c.c; path = "test-datamanip.c"; sourceTree = "<group>"; };
		4ED1E5C11B43C6230018542D /* test-datadef.c */ = {isa = PBXFileReference; fileEncoding = 4; lastKnownFileType = sourcecode.c.c; path = "test-datadef.c"; sourceTree = "<group>"; };
		4ED1E5C31B43C6290018542D /* file2.c */ = {isa = PBXFileReference; fileEncoding = 4; lastKnownFileType = sourcecode.c.c; path = file2.c; sourceTree = "<group>"; };
		4ED1E5C51B43C6370018542D /* test-file.c */ = {isa = PBXFileReference; fileEncoding = 4; lastKnownFileType = sourcecode.c.c; path = "test-file.c"; sourceTree = "<group>"; };
/* End PBXFileReference section */

/* Begin PBXFrameworksBuildPhase section */
		4ED1E5971B43C54C0018542D /* Frameworks */ = {
			isa = PBXFrameworksBuildPhase;
			buildActionMask = 2147483647;
			files = (
			);
			runOnlyForDeploymentPostprocessing = 0;
		};
		4ED1E5A31B43C54C0018542D /* Frameworks */ = {
			isa = PBXFrameworksBuildPhase;
			buildActionMask = 2147483647;
			files = (
				4ED1E5A71B43C54C0018542D /* jikken.framework in Frameworks */,
			);
			runOnlyForDeploymentPostprocessing = 0;
		};
/* End PBXFrameworksBuildPhase section */

/* Begin PBXGroup section */
		4ED1E5911B43C54C0018542D = {
			isa = PBXGroup;
			children = (
				4ED1E59D1B43C54C0018542D /* jikken */,
				4ED1E5AA1B43C54C0018542D /* jikkenTests */,
				4ED1E59C1B43C54C0018542D /* Products */,
			);
			sourceTree = "<group>";
		};
		4ED1E59C1B43C54C0018542D /* Products */ = {
			isa = PBXGroup;
			children = (
				4ED1E59B1B43C54C0018542D /* jikken.framework */,
				4ED1E5A61B43C54C0018542D /* jikkenTests.xctest */,
			);
			name = Products;
			sourceTree = "<group>";
		};
		4ED1E59D1B43C54C0018542D /* jikken */ = {
			isa = PBXGroup;
			children = (
				4ED1E5B71B43C57D0018542D /* datamanip.c */,
				4ED1E5BF1B43C61D0018542D /* test-datamanip.c */,
				4ED1E5C11B43C6230018542D /* test-datadef.c */,
				4ED1E5BD1B43C6140018542D /* main.c */,
				4ED1E5BB1B43C60B0018542D /* datadef.c */,
				4ED1E5C51B43C6370018542D /* test-file.c */,
				4ED1E5A01B43C54C0018542D /* jikken.h */,
				4ED1E5B91B43C59D0018542D /* microdb.h */,
				4ED1E5C31B43C6290018542D /* file2.c */,
				4ED1E59E1B43C54C0018542D /* Supporting Files */,
			);
			path = jikken;
			sourceTree = "<group>";
		};
		4ED1E59E1B43C54C0018542D /* Supporting Files */ = {
			isa = PBXGroup;
			children = (
				4ED1E59F1B43C54C0018542D /* Info.plist */,
			);
			name = "Supporting Files";
			sourceTree = "<group>";
		};
		4ED1E5AA1B43C54C0018542D /* jikkenTests */ = {
			isa = PBXGroup;
			children = (
				4ED1E5AD1B43C54C0018542D /* jikkenTests.m */,
				4ED1E5AB1B43C54C0018542D /* Supporting Files */,
			);
			path = jikkenTests;
			sourceTree = "<group>";
		};
		4ED1E5AB1B43C54C0018542D /* Supporting Files */ = {
			isa = PBXGroup;
			children = (
				4ED1E5AC1B43C54C0018542D /* Info.plist */,
			);
			name = "Supporting Files";
			sourceTree = "<group>";
		};
/* End PBXGroup section */

/* Begin PBXHeadersBuildPhase section */
		4ED1E5981B43C54C0018542D /* Headers */ = {
			isa = PBXHeadersBuildPhase;
			buildActionMask = 2147483647;
			files = (
				4ED1E5A11B43C54C0018542D /* jikken.h in Headers */,
				4ED1E5BA1B43C59D0018542D /* microdb.h in Headers */,
			);
			runOnlyForDeploymentPostprocessing = 0;
		};
/* End PBXHeadersBuildPhase section */

/* Begin PBXNativeTarget section */
		4ED1E59A1B43C54C0018542D /* jikken */ = {
			isa = PBXNativeTarget;
			buildConfigurationList = 4ED1E5B11B43C54C0018542D /* Build configuration list for PBXNativeTarget "jikken" */;
			buildPhases = (
				4ED1E5961B43C54C0018542D /* Sources */,
				4ED1E5971B43C54C0018542D /* Frameworks */,
				4ED1E5981B43C54C0018542D /* Headers */,
				4ED1E5991B43C54C0018542D /* Resources */,
			);
			buildRules = (
			);
			dependencies = (
			);
			name = jikken;
			productName = jikken;
			productReference = 4ED1E59B1B43C54C0018542D /* jikken.framework */;
			productType = "com.apple.product-type.framework";
		};
		4ED1E5A51B43C54C0018542D /* jikkenTests */ = {
			isa = PBXNativeTarget;
			buildConfigurationList = 4ED1E5B41B43C54C0018542D /* Build configuration list for PBXNativeTarget "jikkenTests" */;
			buildPhases = (
				4ED1E5A21B43C54C0018542D /* Sources */,
				4ED1E5A31B43C54C0018542D /* Frameworks */,
				4ED1E5A41B43C54C0018542D /* Resources */,
			);
			buildRules = (
			);
			dependencies = (
				4ED1E5A91B43C54C0018542D /* PBXTargetDependency */,
			);
			name = jikkenTests;
			productName = jikkenTests;
			productReference = 4ED1E5A61B43C54C0018542D /* jikkenTests.xctest */;
			productType = "com.apple.product-type.bundle.unit-test";
		};
/* End PBXNativeTarget section */

/* Begin PBXProject section */
		4ED1E5921B43C54C0018542D /* Project object */ = {
			isa = PBXProject;
			attributes = {
				LastUpgradeCheck = 0610;
				ORGANIZATIONNAME = "山本恵";
				TargetAttributes = {
					4ED1E59A1B43C54C0018542D = {
						CreatedOnToolsVersion = 6.1;
					};
					4ED1E5A51B43C54C0018542D = {
						CreatedOnToolsVersion = 6.1;
					};
				};
			};
			buildConfigurationList = 4ED1E5951B43C54C0018542D /* Build configuration list for PBXProject "jikken" */;
			compatibilityVersion = "Xcode 3.2";
			developmentRegion = English;
			hasScannedForEncodings = 0;
			knownRegions = (
				en,
			);
			mainGroup = 4ED1E5911B43C54C0018542D;
			productRefGroup = 4ED1E59C1B43C54C0018542D /* Products */;
			projectDirPath = "";
			projectRoot = "";
			targets = (
				4ED1E59A1B43C54C0018542D /* jikken */,
				4ED1E5A51B43C54C0018542D /* jikkenTests */,
			);
		};
/* End PBXProject section */

/* Begin PBXResourcesBuildPhase section */
		4ED1E5991B43C54C0018542D /* Resources */ = {
			isa = PBXResourcesBuildPhase;
			buildActionMask = 2147483647;
			files = (
			);
			runOnlyForDeploymentPostprocessing = 0;
		};
		4ED1E5A41B43C54C0018542D /* Resources */ = {
			isa = PBXResourcesBuildPhase;
			buildActionMask = 2147483647;
			files = (
			);
			runOnlyForDeploymentPostprocessing = 0;
		};
/* End PBXResourcesBuildPhase section */

/* Begin PBXSourcesBuildPhase section */
		4ED1E5961B43C54C0018542D /* Sources */ = {
			isa = PBXSourcesBuildPhase;
			buildActionMask = 2147483647;
			files = (
				4ED1E5C41B43C6290018542D /* file2.c in Sources */,
				4ED1E5C21B43C6230018542D /* test-datadef.c in Sources */,
				4ED1E5C61B43C6370018542D /* test-file.c in Sources */,
				4ED1E5B81B43C57D0018542D /* datamanip.c in Sources */,
				4ED1E5C01B43C61D0018542D /* test-datamanip.c in Sources */,
				4ED1E5BC1B43C60B0018542D /* datadef.c in Sources */,
				4ED1E5BE1B43C6140018542D /* main.c in Sources */,
			);
			runOnlyForDeploymentPostprocessing = 0;
		};
		4ED1E5A21B43C54C0018542D /* Sources */ = {
			isa = PBXSourcesBuildPhase;
			buildActionMask = 2147483647;
			files = (
				4ED1E5AE1B43C54C0018542D /* jikkenTests.m in Sources */,
			);
			runOnlyForDeploymentPostprocessing = 0;
		};
/* End PBXSourcesBuildPhase section */

/* Begin PBXTargetDependency section */
		4ED1E5A91B43C54C0018542D /* PBXTargetDependency */ = {
			isa = PBXTargetDependency;
			target = 4ED1E59A1B43C54C0018542D /* jikken */;
			targetProxy = 4ED1E5A81B43C54C0018542D /* PBXContainerItemProxy */;
		};
/* End PBXTargetDependency section */

/* Begin XCBuildConfiguration section */
		4ED1E5AF1B43C54C0018542D /* Debug */ = {
			isa = XCBuildConfiguration;
			buildSettings = {
				ALWAYS_SEARCH_USER_PATHS = NO;
				CLANG_CXX_LANGUAGE_STANDARD = "gnu++0x";
				CLANG_CXX_LIBRARY = "libc++";
				CLANG_ENABLE_MODULES = YES;
				CLANG_ENABLE_OBJC_ARC = YES;
				CLANG_WARN_BOOL_CONVERSION = YES;
				CLANG_WARN_CONSTANT_CONVERSION = YES;
				CLANG_WARN_DIRECT_OBJC_ISA_USAGE = YES_ERROR;
				CLANG_WARN_EMPTY_BODY = YES;
				CLANG_WARN_ENUM_CONVERSION = YES;
				CLANG_WARN_INT_CONVERSION = YES;
				CLANG_WARN_OBJC_ROOT_CLASS = YES_ERROR;
				CLANG_WARN_UNREACHABLE_CODE = YES;
				CLANG_WARN__DUPLICATE_METHOD_MATCH = YES;
				COPY_PHASE_STRIP = NO;
				CURRENT_PROJECT_VERSION = 1;
				ENABLE_STRICT_OBJC_MSGSEND = YES;
				GCC_C_LANGUAGE_STANDARD = gnu99;
				GCC_DYNAMIC_NO_PIC = NO;
				GCC_OPTIMIZATION_LEVEL = 0;
				GCC_PREPROCESSOR_DEFINITIONS = (
					"DEBUG=1",
					"$(inherited)",
				);
				GCC_SYMBOLS_PRIVATE_EXTERN = NO;
				GCC_WARN_64_TO_32_BIT_CONVERSION = YES;
				GCC_WARN_ABOUT_RETURN_TYPE = YES_ERROR;
				GCC_WARN_UNDECLARED_SELECTOR = YES;
				GCC_WARN_UNINITIALIZED_AUTOS = YES_AGGRESSIVE;
				GCC_WARN_UNUSED_FUNCTION = YES;
				GCC_WARN_UNUSED_VARIABLE = YES;
				MACOSX_DEPLOYMENT_TARGET = 10.9;
				MTL_ENABLE_DEBUG_INFO = YES;
				ONLY_ACTIVE_ARCH = YES;
				SDKROOT = macosx;
				VERSIONING_SYSTEM = "apple-generic";
				VERSION_INFO_PREFIX = "";
			};
			name = Debug;
		};
		4ED1E5B01B43C54C0018542D /* Release */ = {
			isa = XCBuildConfiguration;
			buildSettings = {
				ALWAYS_SEARCH_USER_PATHS = NO;
				CLANG_CXX_LANGUAGE_STANDARD = "gnu++0x";
				CLANG_CXX_LIBRARY = "libc++";
				CLANG_ENABLE_MODULES = YES;
				CLANG_ENABLE_OBJC_ARC = YES;
				CLANG_WARN_BOOL_CONVERSION = YES;
				CLANG_WARN_CONSTANT_CONVERSION = YES;
				CLANG_WARN_DIRECT_OBJC_ISA_USAGE = YES_ERROR;
				CLANG_WARN_EMPTY_BODY = YES;
				CLANG_WARN_ENUM_CONVERSION = YES;
				CLANG_WARN_INT_CONVERSION = YES;
				CLANG_WARN_OBJC_ROOT_CLASS = YES_ERROR;
				CLANG_WARN_UNREACHABLE_CODE = YES;
				CLANG_WARN__DUPLICATE_METHOD_MATCH = YES;
				COPY_PHASE_STRIP = YES;
				CURRENT_PROJECT_VERSION = 1;
				DEBUG_INFORMATION_FORMAT = "dwarf-with-dsym";
				ENABLE_NS_ASSERTIONS = NO;
				ENABLE_STRICT_OBJC_MSGSEND = YES;
				GCC_C_LANGUAGE_STANDARD = gnu99;
				GCC_WARN_64_TO_32_BIT_CONVERSION = YES;
				GCC_WARN_ABOUT_RETURN_TYPE = YES_ERROR;
				GCC_WARN_UNDECLARED_SELECTOR = YES;
				GCC_WARN_UNINITIALIZED_AUTOS = YES_AGGRESSIVE;
				GCC_WARN_UNUSED_FUNCTION = YES;
				GCC_WARN_UNUSED_VARIABLE = YES;
				MACOSX_DEPLOYMENT_TARGET = 10.9;
				MTL_ENABLE_DEBUG_INFO = NO;
				SDKROOT = macosx;
				VERSIONING_SYSTEM = "apple-generic";
				VERSION_INFO_PREFIX = "";
			};
			name = Release;
		};
		4ED1E5B21B43C54C0018542D /* Debug */ = {
			isa = XCBuildConfiguration;
			buildSettings = {
				COMBINE_HIDPI_IMAGES = YES;
				DEFINES_MODULE = YES;
				DYLIB_COMPATIBILITY_VERSION = 1;
				DYLIB_CURRENT_VERSION = 1;
				DYLIB_INSTALL_NAME_BASE = "@rpath";
				FRAMEWORK_VERSION = A;
				INFOPLIST_FILE = jikken/Info.plist;
				INSTALL_PATH = "$(LOCAL_LIBRARY_DIR)/Frameworks";
				LD_RUNPATH_SEARCH_PATHS = "$(inherited) @executable_path/../Frameworks @loader_path/Frameworks";
				PRODUCT_NAME = "$(TARGET_NAME)";
				SKIP_INSTALL = YES;
			};
			name = Debug;
		};
		4ED1E5B31B43C54C0018542D /* Release */ = {
			isa = XCBuildConfiguration;
			buildSettings = {
				COMBINE_HIDPI_IMAGES = YES;
				DEFINES_MODULE = YES;
				DYLIB_COMPATIBILITY_VERSION = 1;
				DYLIB_CURRENT_VERSION = 1;
				DYLIB_INSTALL_NAME_BASE = "@rpath";
				FRAMEWORK_VERSION = A;
				INFOPLIST_FILE = jikken/Info.plist;
				INSTALL_PATH = "$(LOCAL_LIBRARY_DIR)/Frameworks";
				LD_RUNPATH_SEARCH_PATHS = "$(inherited) @executable_path/../Frameworks @loader_path/Frameworks";
				PRODUCT_NAME = "$(TARGET_NAME)";
				SKIP_INSTALL = YES;
			};
			name = Release;
		};
		4ED1E5B51B43C54C0018542D /* Debug */ = {
			isa = XCBuildConfiguration;
			buildSettings = {
				COMBINE_HIDPI_IMAGES = YES;
				FRAMEWORK_SEARCH_PATHS = (
					"$(DEVELOPER_FRAMEWORKS_DIR)",
					"$(inherited)",
				);
				GCC_PREPROCESSOR_DEFINITIONS = (
					"DEBUG=1",
					"$(inherited)",
				);
				INFOPLIST_FILE = jikkenTests/Info.plist;
				LD_RUNPATH_SEARCH_PATHS = "$(inherited) @executable_path/../Frameworks @loader_path/../Frameworks";
				PRODUCT_NAME = "$(TARGET_NAME)";
			};
			name = Debug;
		};
		4ED1E5B61B43C54C0018542D /* Release */ = {
			isa = XCBuildConfiguration;
			buildSettings = {
				COMBINE_HIDPI_IMAGES = YES;
				FRAMEWORK_SEARCH_PATHS = (
					"$(DEVELOPER_FRAMEWORKS_DIR)",
					"$(inherited)",
				);
				INFOPLIST_FILE = jikkenTests/Info.plist;
				LD_RUNPATH_SEARCH_PATHS = "$(inherited) @executable_path/../Frameworks @loader_path/../Frameworks";
				PRODUCT_NAME = "$(TARGET_NAME)";
			};
			name = Release;
		};
/* End XCBuildConfiguration section */

/* Begin XCConfigurationList section */
		4ED1E5951B43C54C0018542D /* Build configuration list for PBXProject "jikken" */ = {
			isa = XCConfigurationList;
			buildConfigurations = (
				4ED1E5AF1B43C54C0018542D /* Debug */,
				4ED1E5B01B43C54C0018542D /* Release */,
			);
			defaultConfigurationIsVisible = 0;
			defaultConfigurationName = Release;
		};
		4ED1E5B11B43C54C0018542D /* Build configuration list for PBXNativeTarget "jikken" */ = {
			isa = XCConfigurationList;
			buildConfigurations = (
				4ED1E5B21B43C54C0018542D /* Debug */,
				4ED1E5B31B43C54C0018542D /* Release */,
			);
			defaultConfigurationIsVisible = 0;
		};
		4ED1E5B41B43C54C0018542D /* Build configuration list for PBXNativeTarget "jikkenTests" */ = {
			isa = XCConfigurationList;
			buildConfigurations = (
				4ED1E5B51B43C54C0018542D /* Debug */,
				4ED1E5B61B43C54C0018542D /* Release */,
			);
			defaultConfigurationIsVisible = 0;
		};
/* End XCConfigurationList section */
	};
	rootObject = 4ED1E5921B43C54C0018542D /* Project object */;
}
